
Microsoft Visual Studio Solution File, Format Version 12.00
# Visual Studio Version 16
VisualStudioVersion = 16.0.30413.136
MinimumVisualStudioVersion = 10.0.40219.1
Project("{FAE04EC0-301F-11D3-BF4B-00C04F79EFBC}") = "Centric Consulting Project Team 9", "Centric Consulting Project Team 9.csproj", "{026803B0-8131-4CD5-B2BC-50CAC328978E}"
EndProject
Global
	GlobalSection(SolutionConfigurationPlatforms) = preSolution
		Debug|Any CPU = Debug|Any CPU
		Release|Any CPU = Release|Any CPU
	EndGlobalSection
	GlobalSection(ProjectConfigurationPlatforms) = postSolution
		{026803B0-8131-4CD5-B2BC-50CAC328978E}.Debug|Any CPU.ActiveCfg = Debug|Any CPU
		{026803B0-8131-4CD5-B2BC-50CAC328978E}.Debug|Any CPU.Build.0 = Debug|Any CPU
		{026803B0-8131-4CD5-B2BC-50CAC328978E}.Release|Any CPU.ActiveCfg = Release|Any CPU
		{026803B0-8131-4CD5-B2BC-50CAC328978E}.Release|Any CPU.Build.0 = Release|Any CPU
	EndGlobalSection
	GlobalSection(SolutionProperties) = preSolution
		HideSolutionNode = FALSE
	EndGlobalSection
	GlobalSection(ExtensibilityGlobals) = postSolution
		SolutionGuid = {50A2CB93-FEFF-418E-B864-AD96EE6D6FD2}
	EndGlobalSection
EndGlobal
